        "eslint-plugin-unused-imports": "^4.1.4",
      "integrity": "sha512-RdJUflcE3cUzKiMqQgsCu06FPu9UdIJO0beYbPhHN4k6apgJtifcoCtT9bcxOpYBtpD2kCM6Sbzg4CausW/PKQ=="
    "node_modules/eslint-plugin-unused-imports": {
      "version": "4.1.4",
      "resolved": "https://registry.npmjs.org/eslint-plugin-unused-imports/-/eslint-plugin-unused-imports-4.1.4.tgz",
      "integrity": "sha512-YptD6IzQjDardkl0POxnnRBhU1OEePMV0nd6siHaRBbd+lyh6NAhFEobiznKU7kTsSsDeSD62Pe7kAM1b7dAZQ==",
      "dev": true,
      "license": "MIT",
      "peerDependencies": {
        "@typescript-eslint/eslint-plugin": "^8.0.0-0 || ^7.0.0 || ^6.0.0 || ^5.0.0",
        "eslint": "^9.0.0 || ^8.0.0"
      },
      "peerDependenciesMeta": {
        "@typescript-eslint/eslint-plugin": {
          "optional": true
        }
      }
    },
      "integrity": "sha512-anP1Z8qwhkbmu7MFP5iTt+wQKXgwzf7zTyGlcdzabySa9vd0Xt392U0rVmz9poOaBj0uHJKyyo9/upk0HrEQew=="
      "integrity": "sha512-rR+PBcQ1SMQDDyF6X0wxtG8QyLCgUB0eRAGguqRLfkCA87l7yAP7ehq8SNj96OOGTO8OBV70KhuFYcIkHXOg0w=="
          "integrity": "sha512-RdJUflcE3cUzKiMqQgsCu06FPu9UdIJO0beYbPhHN4k6apgJtifcoCtT9bcxOpYBtpD2kCM6Sbzg4CausW/PKQ=="
    "eslint-plugin-unused-imports": {
      "version": "4.1.4",
      "resolved": "https://registry.npmjs.org/eslint-plugin-unused-imports/-/eslint-plugin-unused-imports-4.1.4.tgz",
      "integrity": "sha512-YptD6IzQjDardkl0POxnnRBhU1OEePMV0nd6siHaRBbd+lyh6NAhFEobiznKU7kTsSsDeSD62Pe7kAM1b7dAZQ==",
      "dev": true,
      "requires": {}
    },
      "integrity": "sha512-anP1Z8qwhkbmu7MFP5iTt+wQKXgwzf7zTyGlcdzabySa9vd0Xt392U0rVmz9poOaBj0uHJKyyo9/upk0HrEQew=="
